{
  "name": "test",
  "version": "1.0.0",
  "lockfileVersion": 2,
  "requires": true,
  "packages": {
    "": {
      "name": "test",
      "version": "1.0.0",
      "license": "ISC",
      "dependencies": {
        "jwt-encode": "^1.0.1",
        "lodash": "^4.17.21"
      }
    },
    "node_modules/jwt-encode": {
      "version": "1.0.1",
      "resolved": "https://registry.npmjs.org/jwt-encode/-/jwt-encode-1.0.1.tgz",
      "integrity": "sha512-QrGiNhynbAYyFdbC1GbjborzenSFs5Ga+2nE0uBokGXsH11xrgd1AX55HR7P+wGQyyZOn6LUO5iKlh74dlhBkA==",
      "dependencies": {
        "ts.cryptojs256": "^1.0.1"
      }
    },
    "node_modules/lodash": {
      "version": "4.17.21",
      "resolved": "https://registry.npmjs.org/lodash/-/lodash-4.17.21.tgz",
      "integrity": "sha512-v2kDEe57lecTulaDIuNTPy3Ry4gLGJ6Z1O3vE1krgXZNrsQ+LFTGHVxVjcXPs17LhbZVGedAJv8XZ1tvj5FvSg=="
    },
    "node_modules/ts.cryptojs256": {
      "version": "1.0.1",
      "resolved": "https://registry.npmjs.org/ts.cryptojs256/-/ts.cryptojs256-1.0.1.tgz",
      "integrity": "sha512-9XtEgRVOZBCdpPcCEhfvv9I2AVXdvfI81I/KpFM0wEfbq5JVHlXH7bfIjGQmYrIHGiBEHKsIaStQ87k926J7dA=="
    }
  },
  "dependencies": {
    "jwt-encode": {
      "version": "1.0.1",
      "resolved": "https://registry.npmjs.org/jwt-encode/-/jwt-encode-1.0.1.tgz",
      "integrity": "sha512-QrGiNhynbAYyFdbC1GbjborzenSFs5Ga+2nE0uBokGXsH11xrgd1AX55HR7P+wGQyyZOn6LUO5iKlh74dlhBkA==",
      "requires": {
        "ts.cryptojs256": "^1.0.1"
      }
    },
    "lodash": {
      "version": "4.17.21",
      "resolved": "https://registry.npmjs.org/lodash/-/lodash-4.17.21.tgz",
      "integrity": "sha512-v2kDEe57lecTulaDIuNTPy3Ry4gLGJ6Z1O3vE1krgXZNrsQ+LFTGHVxVjcXPs17LhbZVGedAJv8XZ1tvj5FvSg=="
    },
    "ts.cryptojs256": {
      "version": "1.0.1",
      "resolved": "https://registry.npmjs.org/ts.cryptojs256/-/ts.cryptojs256-1.0.1.tgz",
      "integrity": "sha512-9XtEgRVOZBCdpPcCEhfvv9I2AVXdvfI81I/KpFM0wEfbq5JVHlXH7bfIjGQmYrIHGiBEHKsIaStQ87k926J7dA=="
    }
  }
}
